
Microsoft Visual Studio Solution File, Format Version 12.00
Project("{FAE04EC0-301F-11D3-BF4B-00C04F79EFBC}") = "Boyfriend", "Boyfriend\Boyfriend.csproj", "{21640A7A-75C2-4515-A1DF-CE8B6EEBD260}"
EndProject
Global
	GlobalSection(SolutionConfigurationPlatforms) = preSolution
		Debug|Any CPU = Debug|Any CPU
		Release|Any CPU = Release|Any CPU
	EndGlobalSection
	GlobalSection(ProjectConfigurationPlatforms) = postSolution
		{21640A7A-75C2-4515-A1DF-CE8B6EEBD260}.Debug|Any CPU.ActiveCfg = Debug|Any CPU
		{21640A7A-75C2-4515-A1DF-CE8B6EEBD260}.Debug|Any CPU.Build.0 = Debug|Any CPU
		{21640A7A-75C2-4515-A1DF-CE8B6EEBD260}.Release|Any CPU.ActiveCfg = Release|Any CPU
		{21640A7A-75C2-4515-A1DF-CE8B6EEBD260}.Release|Any CPU.Build.0 = Release|Any CPU
	EndGlobalSection
EndGlobal
